// !$*UTF8*$!
{
	archiveVersion = 1;
	classes = {
	};
	objectVersion = 51;
	objects = {

/* Begin PBXBuildFile section */
		0629FBCC22E03F46000FEC6C /* ECommerceTests.swift in Sources */ = {isa = PBXBuildFile; fileRef = 0629FBCB22E03F46000FEC6C /* ECommerceTests.swift */; };
		065108A922CDF1F600C8B219 /* RudderClient.swift in Sources */ = {isa = PBXBuildFile; fileRef = 065108A822CDF1F600C8B219 /* RudderClient.swift */; };
		065108AE22CDFEC200C8B219 /* EventRepository.swift in Sources */ = {isa = PBXBuildFile; fileRef = 065108AD22CDFEC200C8B219 /* EventRepository.swift */; };
		065108B622CE021B00C8B219 /* Constants.swift in Sources */ = {isa = PBXBuildFile; fileRef = 065108B522CE021B00C8B219 /* Constants.swift */; };
		065509AE22CDC9440010F58B /* AppDelegate.swift in Sources */ = {isa = PBXBuildFile; fileRef = 065509AD22CDC9440010F58B /* AppDelegate.swift */; };
		065509B022CDC9440010F58B /* ViewController.swift in Sources */ = {isa = PBXBuildFile; fileRef = 065509AF22CDC9440010F58B /* ViewController.swift */; };
		065509B322CDC9440010F58B /* Main.storyboard in Resources */ = {isa = PBXBuildFile; fileRef = 065509B122CDC9440010F58B /* Main.storyboard */; };
		065509B622CDC9440010F58B /* RudderSample.xcdatamodeld in Sources */ = {isa = PBXBuildFile; fileRef = 065509B422CDC9440010F58B /* RudderSample.xcdatamodeld */; };
		065509B822CDC9450010F58B /* Assets.xcassets in Resources */ = {isa = PBXBuildFile; fileRef = 065509B722CDC9450010F58B /* Assets.xcassets */; };
		065509BB22CDC9450010F58B /* LaunchScreen.storyboard in Resources */ = {isa = PBXBuildFile; fileRef = 065509B922CDC9450010F58B /* LaunchScreen.storyboard */; };
		065509C622CDC9450010F58B /* RudderSampleTests.swift in Sources */ = {isa = PBXBuildFile; fileRef = 065509C522CDC9450010F58B /* RudderSampleTests.swift */; };
		065509D122CDC9450010F58B /* RudderSampleUITests.swift in Sources */ = {isa = PBXBuildFile; fileRef = 065509D022CDC9450010F58B /* RudderSampleUITests.swift */; };
		0678A23422E71FCB005D4DB5 /* TraitsAddress.swift in Sources */ = {isa = PBXBuildFile; fileRef = 0678A23322E71FCB005D4DB5 /* TraitsAddress.swift */; };
		0678A23D22E71FE5005D4DB5 /* TraitsCompany.swift in Sources */ = {isa = PBXBuildFile; fileRef = 0678A23C22E71FE5005D4DB5 /* TraitsCompany.swift */; };
		0678A23F22E72519005D4DB5 /* RudderTraitsBuilder.swift in Sources */ = {isa = PBXBuildFile; fileRef = 0678A23E22E72519005D4DB5 /* RudderTraitsBuilder.swift */; };
		06BD921022D8E43E00CAFAD1 /* ECommerceProperty.swift in Sources */ = {isa = PBXBuildFile; fileRef = 06BD920F22D8E43E00CAFAD1 /* ECommerceProperty.swift */; };
		06C9910A22D5E500001DA0CB /* RudderMessage.swift in Sources */ = {isa = PBXBuildFile; fileRef = 06C9910922D5E500001DA0CB /* RudderMessage.swift */; };
		06D115BC22D84C2200EE78EE /* RudderContext.swift in Sources */ = {isa = PBXBuildFile; fileRef = 06D115BB22D84C2200EE78EE /* RudderContext.swift */; };
		06D115C522D84D1100EE78EE /* RudderProperty.swift in Sources */ = {isa = PBXBuildFile; fileRef = 06D115C422D84D1100EE78EE /* RudderProperty.swift */; };
		06D115C722D84D9400EE78EE /* RudderApp.swift in Sources */ = {isa = PBXBuildFile; fileRef = 06D115C622D84D9400EE78EE /* RudderApp.swift */; };
		06D115C922D84DEB00EE78EE /* RudderTraits.swift in Sources */ = {isa = PBXBuildFile; fileRef = 06D115C822D84DEB00EE78EE /* RudderTraits.swift */; };
		06D115CB22D84E1A00EE78EE /* RudderLibraryInfo.swift in Sources */ = {isa = PBXBuildFile; fileRef = 06D115CA22D84E1A00EE78EE /* RudderLibraryInfo.swift */; };
		06D115CD22D84E4F00EE78EE /* RudderOSInfo.swift in Sources */ = {isa = PBXBuildFile; fileRef = 06D115CC22D84E4F00EE78EE /* RudderOSInfo.swift */; };
		06D115CF22D84E7A00EE78EE /* RudderScreenInfo.swift in Sources */ = {isa = PBXBuildFile; fileRef = 06D115CE22D84E7A00EE78EE /* RudderScreenInfo.swift */; };
		06D115D122D84EE300EE78EE /* RudderDeviceInfo.swift in Sources */ = {isa = PBXBuildFile; fileRef = 06D115D022D84EE300EE78EE /* RudderDeviceInfo.swift */; };
		06D115D322D84F1F00EE78EE /* RudderNetwork.swift in Sources */ = {isa = PBXBuildFile; fileRef = 06D115D222D84F1F00EE78EE /* RudderNetwork.swift */; };
		06D115D522D864FA00EE78EE /* RudderEventTemplate.swift in Sources */ = {isa = PBXBuildFile; fileRef = 06D115D422D864FA00EE78EE /* RudderEventTemplate.swift */; };
		06D115DA22D86A1400EE78EE /* InvalidStateError.swift in Sources */ = {isa = PBXBuildFile; fileRef = 06D115D922D86A1400EE78EE /* InvalidStateError.swift */; };
		06D82A3922DC78B100C5D7A2 /* RudderPropertyBuilder.swift in Sources */ = {isa = PBXBuildFile; fileRef = 06D82A3822DC78B100C5D7A2 /* RudderPropertyBuilder.swift */; };
		06D82A4222DDA25800C5D7A2 /* PropertyObject.swift in Sources */ = {isa = PBXBuildFile; fileRef = 06D82A4122DDA25800C5D7A2 /* PropertyObject.swift */; };
		06D82A4422DDA3D800C5D7A2 /* ECommerceProduct.swift in Sources */ = {isa = PBXBuildFile; fileRef = 06D82A4322DDA3D800C5D7A2 /* ECommerceProduct.swift */; };
		06D82A4822DF049600C5D7A2 /* ECommerceCart.swift in Sources */ = {isa = PBXBuildFile; fileRef = 06D82A4722DF049600C5D7A2 /* ECommerceCart.swift */; };
		06D82A5122DF04A400C5D7A2 /* ECommerceCheckout.swift in Sources */ = {isa = PBXBuildFile; fileRef = 06D82A5022DF04A400C5D7A2 /* ECommerceCheckout.swift */; };
		06D82A5322DF04B100C5D7A2 /* ECommerceCoupon.swift in Sources */ = {isa = PBXBuildFile; fileRef = 06D82A5222DF04B100C5D7A2 /* ECommerceCoupon.swift */; };
		06D82A5522DF04BE00C5D7A2 /* ECommerceEvents.swift in Sources */ = {isa = PBXBuildFile; fileRef = 06D82A5422DF04BE00C5D7A2 /* ECommerceEvents.swift */; };
		06D82A5722DF04C900C5D7A2 /* ECommerceOrder.swift in Sources */ = {isa = PBXBuildFile; fileRef = 06D82A5622DF04C900C5D7A2 /* ECommerceOrder.swift */; };
		06D82A5B22DF04F300C5D7A2 /* ECommerceProductBuilder.swift in Sources */ = {isa = PBXBuildFile; fileRef = 06D82A5A22DF04F300C5D7A2 /* ECommerceProductBuilder.swift */; };
		06D82A5D22DF050000C5D7A2 /* ECommercePromotion.swift in Sources */ = {isa = PBXBuildFile; fileRef = 06D82A5C22DF050000C5D7A2 /* ECommercePromotion.swift */; };
		06D82A5F22DF050C00C5D7A2 /* ECommercePropertyBuilder.swift in Sources */ = {isa = PBXBuildFile; fileRef = 06D82A5E22DF050C00C5D7A2 /* ECommercePropertyBuilder.swift */; };
		06D82A6122DF051D00C5D7A2 /* ECommerceCartBuilder.swift in Sources */ = {isa = PBXBuildFile; fileRef = 06D82A6022DF051D00C5D7A2 /* ECommerceCartBuilder.swift */; };
		06D82A6322DF052D00C5D7A2 /* ECommerceWishlist.swift in Sources */ = {isa = PBXBuildFile; fileRef = 06D82A6222DF052D00C5D7A2 /* ECommerceWishlist.swift */; };
		06D82A6522DF3F6C00C5D7A2 /* TypeValuePair.swift in Sources */ = {isa = PBXBuildFile; fileRef = 06D82A6422DF3F6C00C5D7A2 /* TypeValuePair.swift */; };
		06D82A6922DF700400C5D7A2 /* BaseTests.swift in Sources */ = {isa = PBXBuildFile; fileRef = 06D82A6822DF700400C5D7A2 /* BaseTests.swift */; };
		06D82A6E22DF797300C5D7A2 /* PagePropertyBuilder.swift in Sources */ = {isa = PBXBuildFile; fileRef = 06D82A6D22DF797300C5D7A2 /* PagePropertyBuilder.swift */; };
		06D82A7022DF8E5100C5D7A2 /* TrackPropertyBuilder.swift in Sources */ = {isa = PBXBuildFile; fileRef = 06D82A6F22DF8E5100C5D7A2 /* TrackPropertyBuilder.swift */; };
		06D82A7222DF9A2500C5D7A2 /* ScreenPropertyBuilder.swift in Sources */ = {isa = PBXBuildFile; fileRef = 06D82A7122DF9A2500C5D7A2 /* ScreenPropertyBuilder.swift */; };
		06FB3DB122CE27B6004CF8A7 /* RudderEvent.swift in Sources */ = {isa = PBXBuildFile; fileRef = 06FB3DB022CE27B6004CF8A7 /* RudderEvent.swift */; };
		06FB3DB322CE27CD004CF8A7 /* RudderEventBuilder.swift in Sources */ = {isa = PBXBuildFile; fileRef = 06FB3DB222CE27CD004CF8A7 /* RudderEventBuilder.swift */; };
		06FB3DB522CE27F2004CF8A7 /* RudderEventPayload.swift in Sources */ = {isa = PBXBuildFile; fileRef = 06FB3DB422CE27F2004CF8A7 /* RudderEventPayload.swift */; };
		49EC56D1A51407C7BC55202E /* Pods_RudderSampleTests.framework in Frameworks */ = {isa = PBXBuildFile; fileRef = 45670184B47809AC50B7B460 /* Pods_RudderSampleTests.framework */; };
		A3BE4D2C7D3898BA641E5ACC /* Pods_RudderSampleUITests.framework in Frameworks */ = {isa = PBXBuildFile; fileRef = 1D1DE699EF2981365D700F23 /* Pods_RudderSampleUITests.framework */; };
		E21A01EE6FF9A77E361F0745 /* Pods_RudderSample.framework in Frameworks */ = {isa = PBXBuildFile; fileRef = C3C34A549FF5F23355859D21 /* Pods_RudderSample.framework */; };
/* End PBXBuildFile section */

/* Begin PBXContainerItemProxy section */
		065509C222CDC9450010F58B /* PBXContainerItemProxy */ = {
			isa = PBXContainerItemProxy;
			containerPortal = 065509A222CDC9440010F58B /* Project object */;
			proxyType = 1;
			remoteGlobalIDString = 065509A922CDC9440010F58B;
			remoteInfo = RudderSample;
		};
		065509CD22CDC9450010F58B /* PBXContainerItemProxy */ = {
			isa = PBXContainerItemProxy;
			containerPortal = 065509A222CDC9440010F58B /* Project object */;
			proxyType = 1;
			remoteGlobalIDString = 065509A922CDC9440010F58B;
			remoteInfo = RudderSample;
		};
		06B5ED0C22CE19EB00D7EB94 /* PBXContainerItemProxy */ = {
			isa = PBXContainerItemProxy;
			containerPortal = 06B5ED0022CE19EB00D7EB94 /* Pods.xcodeproj */;
			proxyType = 2;
			remoteGlobalIDString = 752F964E26650676ACF7725D245AD9B1;
			remoteInfo = "Pods-RudderSample";
		};
		06B5ED0E22CE19EB00D7EB94 /* PBXContainerItemProxy */ = {
			isa = PBXContainerItemProxy;
			containerPortal = 06B5ED0022CE19EB00D7EB94 /* Pods.xcodeproj */;
			proxyType = 2;
			remoteGlobalIDString = 839613126E248D8A4A097FD6554ABAFE;
			remoteInfo = "Pods-RudderSampleTests";
		};
		06B5ED1022CE19EB00D7EB94 /* PBXContainerItemProxy */ = {
			isa = PBXContainerItemProxy;
			containerPortal = 06B5ED0022CE19EB00D7EB94 /* Pods.xcodeproj */;
			proxyType = 2;
			remoteGlobalIDString = 47A8FB2065F05E0A6835151EA5DA3A84;
			remoteInfo = "Pods-RudderSampleUITests";
		};
		06B5ED1222CE19EB00D7EB94 /* PBXContainerItemProxy */ = {
			isa = PBXContainerItemProxy;
			containerPortal = 06B5ED0022CE19EB00D7EB94 /* Pods.xcodeproj */;
			proxyType = 2;
			remoteGlobalIDString = BC432FD48A5932251F1CAFBC4BF74894;
			remoteInfo = RxCocoa;
		};
		06B5ED1422CE19EB00D7EB94 /* PBXContainerItemProxy */ = {
			isa = PBXContainerItemProxy;
			containerPortal = 06B5ED0022CE19EB00D7EB94 /* Pods.xcodeproj */;
			proxyType = 2;
			remoteGlobalIDString = FF8B264DFE802855D5D67E7CDDABFC3C;
			remoteInfo = RxRelay;
		};
		06B5ED1622CE19EB00D7EB94 /* PBXContainerItemProxy */ = {
			isa = PBXContainerItemProxy;
			containerPortal = 06B5ED0022CE19EB00D7EB94 /* Pods.xcodeproj */;
			proxyType = 2;
			remoteGlobalIDString = 809C5FAB588354C9BA37DC3EAB8CB45C;
			remoteInfo = RxSwift;
		};
		06D6E80522CE253300076339 /* PBXContainerItemProxy */ = {
			isa = PBXContainerItemProxy;
			containerPortal = 06B5ED0022CE19EB00D7EB94 /* Pods.xcodeproj */;
			proxyType = 2;
			remoteGlobalIDString = 5D797E9A5C5782CE845840781FA1CC81;
			remoteInfo = Alamofire;
		};
/* End PBXContainerItemProxy section */

/* Begin PBXFileReference section */
		0443B441797FEE4562E85ED8 /* Pods-RudderSampleTests.debug.xcconfig */ = {isa = PBXFileReference; includeInIndex = 1; lastKnownFileType = text.xcconfig; name = "Pods-RudderSampleTests.debug.xcconfig"; path = "Target Support Files/Pods-RudderSampleTests/Pods-RudderSampleTests.debug.xcconfig"; sourceTree = "<group>"; };
		0629FBCB22E03F46000FEC6C /* ECommerceTests.swift */ = {isa = PBXFileReference; lastKnownFileType = sourcecode.swift; path = ECommerceTests.swift; sourceTree = "<group>"; };
		065108A822CDF1F600C8B219 /* RudderClient.swift */ = {isa = PBXFileReference; lastKnownFileType = sourcecode.swift; path = RudderClient.swift; sourceTree = "<group>"; };
		065108AD22CDFEC200C8B219 /* EventRepository.swift */ = {isa = PBXFileReference; lastKnownFileType = sourcecode.swift; path = EventRepository.swift; sourceTree = "<group>"; };
		065108B522CE021B00C8B219 /* Constants.swift */ = {isa = PBXFileReference; lastKnownFileType = sourcecode.swift; path = Constants.swift; sourceTree = "<group>"; };
		065509AA22CDC9440010F58B /* RudderSample.app */ = {isa = PBXFileReference; explicitFileType = wrapper.application; includeInIndex = 0; path = RudderSample.app; sourceTree = BUILT_PRODUCTS_DIR; };
		065509AD22CDC9440010F58B /* AppDelegate.swift */ = {isa = PBXFileReference; lastKnownFileType = sourcecode.swift; path = AppDelegate.swift; sourceTree = "<group>"; };
		065509AF22CDC9440010F58B /* ViewController.swift */ = {isa = PBXFileReference; lastKnownFileType = sourcecode.swift; path = ViewController.swift; sourceTree = "<group>"; };
		065509B222CDC9440010F58B /* Base */ = {isa = PBXFileReference; lastKnownFileType = file.storyboard; name = Base; path = Base.lproj/Main.storyboard; sourceTree = "<group>"; };
		065509B522CDC9440010F58B /* RudderSample.xcdatamodel */ = {isa = PBXFileReference; lastKnownFileType = wrapper.xcdatamodel; path = RudderSample.xcdatamodel; sourceTree = "<group>"; };
		065509B722CDC9450010F58B /* Assets.xcassets */ = {isa = PBXFileReference; lastKnownFileType = folder.assetcatalog; path = Assets.xcassets; sourceTree = "<group>"; };
		065509BA22CDC9450010F58B /* Base */ = {isa = PBXFileReference; lastKnownFileType = file.storyboard; name = Base; path = Base.lproj/LaunchScreen.storyboard; sourceTree = "<group>"; };
		065509BC22CDC9450010F58B /* Info.plist */ = {isa = PBXFileReference; lastKnownFileType = text.plist.xml; path = Info.plist; sourceTree = "<group>"; };
		065509C122CDC9450010F58B /* RudderSampleTests.xctest */ = {isa = PBXFileReference; explicitFileType = wrapper.cfbundle; includeInIndex = 0; path = RudderSampleTests.xctest; sourceTree = BUILT_PRODUCTS_DIR; };
		065509C522CDC9450010F58B /* RudderSampleTests.swift */ = {isa = PBXFileReference; lastKnownFileType = sourcecode.swift; path = RudderSampleTests.swift; sourceTree = "<group>"; };
		065509C722CDC9450010F58B /* Info.plist */ = {isa = PBXFileReference; lastKnownFileType = text.plist.xml; path = Info.plist; sourceTree = "<group>"; };
		065509CC22CDC9450010F58B /* RudderSampleUITests.xctest */ = {isa = PBXFileReference; explicitFileType = wrapper.cfbundle; includeInIndex = 0; path = RudderSampleUITests.xctest; sourceTree = BUILT_PRODUCTS_DIR; };
		065509D022CDC9450010F58B /* RudderSampleUITests.swift */ = {isa = PBXFileReference; lastKnownFileType = sourcecode.swift; path = RudderSampleUITests.swift; sourceTree = "<group>"; };
		065509D222CDC9450010F58B /* Info.plist */ = {isa = PBXFileReference; lastKnownFileType = text.plist.xml; path = Info.plist; sourceTree = "<group>"; };
		0678A23322E71FCB005D4DB5 /* TraitsAddress.swift */ = {isa = PBXFileReference; lastKnownFileType = sourcecode.swift; path = TraitsAddress.swift; sourceTree = "<group>"; };
		0678A23C22E71FE5005D4DB5 /* TraitsCompany.swift */ = {isa = PBXFileReference; lastKnownFileType = sourcecode.swift; path = TraitsCompany.swift; sourceTree = "<group>"; };
		0678A23E22E72519005D4DB5 /* RudderTraitsBuilder.swift */ = {isa = PBXFileReference; lastKnownFileType = sourcecode.swift; path = RudderTraitsBuilder.swift; sourceTree = "<group>"; };
		06B5ED0022CE19EB00D7EB94 /* Pods.xcodeproj */ = {isa = PBXFileReference; lastKnownFileType = "wrapper.pb-project"; name = Pods.xcodeproj; path = Pods/Pods.xcodeproj; sourceTree = "<group>"; };
		06BD920F22D8E43E00CAFAD1 /* ECommerceProperty.swift */ = {isa = PBXFileReference; lastKnownFileType = sourcecode.swift; path = ECommerceProperty.swift; sourceTree = "<group>"; };
		06C9910922D5E500001DA0CB /* RudderMessage.swift */ = {isa = PBXFileReference; lastKnownFileType = sourcecode.swift; path = RudderMessage.swift; sourceTree = "<group>"; };
		06D115BB22D84C2200EE78EE /* RudderContext.swift */ = {isa = PBXFileReference; lastKnownFileType = sourcecode.swift; path = RudderContext.swift; sourceTree = "<group>"; };
		06D115C422D84D1100EE78EE /* RudderProperty.swift */ = {isa = PBXFileReference; lastKnownFileType = sourcecode.swift; path = RudderProperty.swift; sourceTree = "<group>"; };
		06D115C622D84D9400EE78EE /* RudderApp.swift */ = {isa = PBXFileReference; lastKnownFileType = sourcecode.swift; path = RudderApp.swift; sourceTree = "<group>"; };
		06D115C822D84DEB00EE78EE /* RudderTraits.swift */ = {isa = PBXFileReference; lastKnownFileType = sourcecode.swift; path = RudderTraits.swift; sourceTree = "<group>"; };
		06D115CA22D84E1A00EE78EE /* RudderLibraryInfo.swift */ = {isa = PBXFileReference; lastKnownFileType = sourcecode.swift; path = RudderLibraryInfo.swift; sourceTree = "<group>"; };
		06D115CC22D84E4F00EE78EE /* RudderOSInfo.swift */ = {isa = PBXFileReference; lastKnownFileType = sourcecode.swift; path = RudderOSInfo.swift; sourceTree = "<group>"; };
		06D115CE22D84E7A00EE78EE /* RudderScreenInfo.swift */ = {isa = PBXFileReference; lastKnownFileType = sourcecode.swift; path = RudderScreenInfo.swift; sourceTree = "<group>"; };
		06D115D022D84EE300EE78EE /* RudderDeviceInfo.swift */ = {isa = PBXFileReference; lastKnownFileType = sourcecode.swift; path = RudderDeviceInfo.swift; sourceTree = "<group>"; };
		06D115D222D84F1F00EE78EE /* RudderNetwork.swift */ = {isa = PBXFileReference; lastKnownFileType = sourcecode.swift; path = RudderNetwork.swift; sourceTree = "<group>"; };
		06D115D422D864FA00EE78EE /* RudderEventTemplate.swift */ = {isa = PBXFileReference; lastKnownFileType = sourcecode.swift; path = RudderEventTemplate.swift; sourceTree = "<group>"; };
		06D115D922D86A1400EE78EE /* InvalidStateError.swift */ = {isa = PBXFileReference; lastKnownFileType = sourcecode.swift; path = InvalidStateError.swift; sourceTree = "<group>"; };
		06D82A3822DC78B100C5D7A2 /* RudderPropertyBuilder.swift */ = {isa = PBXFileReference; lastKnownFileType = sourcecode.swift; path = RudderPropertyBuilder.swift; sourceTree = "<group>"; };
		06D82A4122DDA25800C5D7A2 /* PropertyObject.swift */ = {isa = PBXFileReference; lastKnownFileType = sourcecode.swift; path = PropertyObject.swift; sourceTree = "<group>"; };
		06D82A4322DDA3D800C5D7A2 /* ECommerceProduct.swift */ = {isa = PBXFileReference; lastKnownFileType = sourcecode.swift; path = ECommerceProduct.swift; sourceTree = "<group>"; };
		06D82A4722DF049600C5D7A2 /* ECommerceCart.swift */ = {isa = PBXFileReference; lastKnownFileType = sourcecode.swift; path = ECommerceCart.swift; sourceTree = "<group>"; };
		06D82A5022DF04A400C5D7A2 /* ECommerceCheckout.swift */ = {isa = PBXFileReference; lastKnownFileType = sourcecode.swift; path = ECommerceCheckout.swift; sourceTree = "<group>"; };
		06D82A5222DF04B100C5D7A2 /* ECommerceCoupon.swift */ = {isa = PBXFileReference; lastKnownFileType = sourcecode.swift; path = ECommerceCoupon.swift; sourceTree = "<group>"; };
		06D82A5422DF04BE00C5D7A2 /* ECommerceEvents.swift */ = {isa = PBXFileReference; lastKnownFileType = sourcecode.swift; path = ECommerceEvents.swift; sourceTree = "<group>"; };
		06D82A5622DF04C900C5D7A2 /* ECommerceOrder.swift */ = {isa = PBXFileReference; lastKnownFileType = sourcecode.swift; path = ECommerceOrder.swift; sourceTree = "<group>"; };
		06D82A5A22DF04F300C5D7A2 /* ECommerceProductBuilder.swift */ = {isa = PBXFileReference; lastKnownFileType = sourcecode.swift; path = ECommerceProductBuilder.swift; sourceTree = "<group>"; };
		06D82A5C22DF050000C5D7A2 /* ECommercePromotion.swift */ = {isa = PBXFileReference; lastKnownFileType = sourcecode.swift; path = ECommercePromotion.swift; sourceTree = "<group>"; };
		06D82A5E22DF050C00C5D7A2 /* ECommercePropertyBuilder.swift */ = {isa = PBXFileReference; lastKnownFileType = sourcecode.swift; path = ECommercePropertyBuilder.swift; sourceTree = "<group>"; };
		06D82A6022DF051D00C5D7A2 /* ECommerceCartBuilder.swift */ = {isa = PBXFileReference; lastKnownFileType = sourcecode.swift; path = ECommerceCartBuilder.swift; sourceTree = "<group>"; };
		06D82A6222DF052D00C5D7A2 /* ECommerceWishlist.swift */ = {isa = PBXFileReference; lastKnownFileType = sourcecode.swift; path = ECommerceWishlist.swift; sourceTree = "<group>"; };
		06D82A6422DF3F6C00C5D7A2 /* TypeValuePair.swift */ = {isa = PBXFileReference; lastKnownFileType = sourcecode.swift; path = TypeValuePair.swift; sourceTree = "<group>"; };
		06D82A6822DF700400C5D7A2 /* BaseTests.swift */ = {isa = PBXFileReference; lastKnownFileType = sourcecode.swift; path = BaseTests.swift; sourceTree = "<group>"; };
		06D82A6D22DF797300C5D7A2 /* PagePropertyBuilder.swift */ = {isa = PBXFileReference; lastKnownFileType = sourcecode.swift; path = PagePropertyBuilder.swift; sourceTree = "<group>"; };
		06D82A6F22DF8E5100C5D7A2 /* TrackPropertyBuilder.swift */ = {isa = PBXFileReference; lastKnownFileType = sourcecode.swift; path = TrackPropertyBuilder.swift; sourceTree = "<group>"; };
		06D82A7122DF9A2500C5D7A2 /* ScreenPropertyBuilder.swift */ = {isa = PBXFileReference; lastKnownFileType = sourcecode.swift; path = ScreenPropertyBuilder.swift; sourceTree = "<group>"; };
		06FB3DB022CE27B6004CF8A7 /* RudderEvent.swift */ = {isa = PBXFileReference; lastKnownFileType = sourcecode.swift; path = RudderEvent.swift; sourceTree = "<group>"; };
		06FB3DB222CE27CD004CF8A7 /* RudderEventBuilder.swift */ = {isa = PBXFileReference; lastKnownFileType = sourcecode.swift; path = RudderEventBuilder.swift; sourceTree = "<group>"; };
		06FB3DB422CE27F2004CF8A7 /* RudderEventPayload.swift */ = {isa = PBXFileReference; lastKnownFileType = sourcecode.swift; path = RudderEventPayload.swift; sourceTree = "<group>"; };
		0849023AC8CF7668772D6885 /* Pods-RudderSample.debug.xcconfig */ = {isa = PBXFileReference; includeInIndex = 1; lastKnownFileType = text.xcconfig; name = "Pods-RudderSample.debug.xcconfig"; path = "Target Support Files/Pods-RudderSample/Pods-RudderSample.debug.xcconfig"; sourceTree = "<group>"; };
		1D1DE699EF2981365D700F23 /* Pods_RudderSampleUITests.framework */ = {isa = PBXFileReference; explicitFileType = wrapper.framework; includeInIndex = 0; path = Pods_RudderSampleUITests.framework; sourceTree = BUILT_PRODUCTS_DIR; };
		2DBFD5D27F72F4D6A44578A0 /* Pods-RudderSampleUITests.release.xcconfig */ = {isa = PBXFileReference; includeInIndex = 1; lastKnownFileType = text.xcconfig; name = "Pods-RudderSampleUITests.release.xcconfig"; path = "Target Support Files/Pods-RudderSampleUITests/Pods-RudderSampleUITests.release.xcconfig"; sourceTree = "<group>"; };
		45670184B47809AC50B7B460 /* Pods_RudderSampleTests.framework */ = {isa = PBXFileReference; explicitFileType = wrapper.framework; includeInIndex = 0; path = Pods_RudderSampleTests.framework; sourceTree = BUILT_PRODUCTS_DIR; };
		691B32CBF80101A45B1842EC /* Pods-RudderSample.release.xcconfig */ = {isa = PBXFileReference; includeInIndex = 1; lastKnownFileType = text.xcconfig; name = "Pods-RudderSample.release.xcconfig"; path = "Target Support Files/Pods-RudderSample/Pods-RudderSample.release.xcconfig"; sourceTree = "<group>"; };
		86ED3BA724C45620A2D8056F /* Pods-RudderSampleTests.release.xcconfig */ = {isa = PBXFileReference; includeInIndex = 1; lastKnownFileType = text.xcconfig; name = "Pods-RudderSampleTests.release.xcconfig"; path = "Target Support Files/Pods-RudderSampleTests/Pods-RudderSampleTests.release.xcconfig"; sourceTree = "<group>"; };
		A8E80ED5172DA203F0BD78C4 /* Pods-RudderSampleUITests.debug.xcconfig */ = {isa = PBXFileReference; includeInIndex = 1; lastKnownFileType = text.xcconfig; name = "Pods-RudderSampleUITests.debug.xcconfig"; path = "Target Support Files/Pods-RudderSampleUITests/Pods-RudderSampleUITests.debug.xcconfig"; sourceTree = "<group>"; };
		C3C34A549FF5F23355859D21 /* Pods_RudderSample.framework */ = {isa = PBXFileReference; explicitFileType = wrapper.framework; includeInIndex = 0; path = Pods_RudderSample.framework; sourceTree = BUILT_PRODUCTS_DIR; };
/* End PBXFileReference section */

/* Begin PBXFrameworksBuildPhase section */
		065509A722CDC9440010F58B /* Frameworks */ = {
			isa = PBXFrameworksBuildPhase;
			buildActionMask = 2147483647;
			files = (
				E21A01EE6FF9A77E361F0745 /* Pods_RudderSample.framework in Frameworks */,
			);
			runOnlyForDeploymentPostprocessing = 0;
		};
		065509BE22CDC9450010F58B /* Frameworks */ = {
			isa = PBXFrameworksBuildPhase;
			buildActionMask = 2147483647;
			files = (
				49EC56D1A51407C7BC55202E /* Pods_RudderSampleTests.framework in Frameworks */,
			);
			runOnlyForDeploymentPostprocessing = 0;
		};
		065509C922CDC9450010F58B /* Frameworks */ = {
			isa = PBXFrameworksBuildPhase;
			buildActionMask = 2147483647;
			files = (
				A3BE4D2C7D3898BA641E5ACC /* Pods_RudderSampleUITests.framework in Frameworks */,
			);
			runOnlyForDeploymentPostprocessing = 0;
		};
/* End PBXFrameworksBuildPhase section */

/* Begin PBXGroup section */
		065108A722CDF16700C8B219 /* RudderClient */ = {
			isa = PBXGroup;
			children = (
				06D115D822D869DA00EE78EE /* Exceptions */,
				06FB3DA822CE278C004CF8A7 /* Event */,
				065108B422CE01DE00C8B219 /* Utils */,
				065108A822CDF1F600C8B219 /* RudderClient.swift */,
				065108AD22CDFEC200C8B219 /* EventRepository.swift */,
			);
			path = RudderClient;
			sourceTree = "<group>";
		};
		065108B422CE01DE00C8B219 /* Utils */ = {
			isa = PBXGroup;
			children = (
				065108B522CE021B00C8B219 /* Constants.swift */,
			);
			path = Utils;
			sourceTree = "<group>";
		};
		065509A122CDC9440010F58B = {
			isa = PBXGroup;
			children = (
				06B5ED0022CE19EB00D7EB94 /* Pods.xcodeproj */,
				065108A722CDF16700C8B219 /* RudderClient */,
				065509AC22CDC9440010F58B /* RudderSample */,
				065509C422CDC9450010F58B /* RudderSampleTests */,
				065509CF22CDC9450010F58B /* RudderSampleUITests */,
				065509AB22CDC9440010F58B /* Products */,
				1637916AC495E754A9D89E1F /* Pods */,
				E37CA1C99B1EB640A27BAAE4 /* Frameworks */,
			);
			sourceTree = "<group>";
		};
		065509AB22CDC9440010F58B /* Products */ = {
			isa = PBXGroup;
			children = (
				065509AA22CDC9440010F58B /* RudderSample.app */,
				065509C122CDC9450010F58B /* RudderSampleTests.xctest */,
				065509CC22CDC9450010F58B /* RudderSampleUITests.xctest */,
			);
			name = Products;
			sourceTree = "<group>";
		};
		065509AC22CDC9440010F58B /* RudderSample */ = {
			isa = PBXGroup;
			children = (
				065509AD22CDC9440010F58B /* AppDelegate.swift */,
				065509AF22CDC9440010F58B /* ViewController.swift */,
				065509B122CDC9440010F58B /* Main.storyboard */,
				065509B722CDC9450010F58B /* Assets.xcassets */,
				065509B922CDC9450010F58B /* LaunchScreen.storyboard */,
				065509BC22CDC9450010F58B /* Info.plist */,
				065509B422CDC9440010F58B /* RudderSample.xcdatamodeld */,
			);
			path = RudderSample;
			sourceTree = "<group>";
		};
		065509C422CDC9450010F58B /* RudderSampleTests */ = {
			isa = PBXGroup;
			children = (
				065509C522CDC9450010F58B /* RudderSampleTests.swift */,
				065509C722CDC9450010F58B /* Info.plist */,
				06D82A6822DF700400C5D7A2 /* BaseTests.swift */,
				0629FBCB22E03F46000FEC6C /* ECommerceTests.swift */,
			);
			path = RudderSampleTests;
			sourceTree = "<group>";
		};
		065509CF22CDC9450010F58B /* RudderSampleUITests */ = {
			isa = PBXGroup;
			children = (
				065509D022CDC9450010F58B /* RudderSampleUITests.swift */,
				065509D222CDC9450010F58B /* Info.plist */,
			);
			path = RudderSampleUITests;
			sourceTree = "<group>";
		};
		06B5ED0122CE19EB00D7EB94 /* Products */ = {
			isa = PBXGroup;
			children = (
				06D6E80622CE253300076339 /* Alamofire.framework */,
				06B5ED0D22CE19EB00D7EB94 /* Pods_RudderSample.framework */,
				06B5ED0F22CE19EB00D7EB94 /* Pods_RudderSampleTests.framework */,
				06B5ED1122CE19EB00D7EB94 /* Pods_RudderSampleUITests.framework */,
				06B5ED1322CE19EB00D7EB94 /* RxCocoa.framework */,
				06B5ED1522CE19EB00D7EB94 /* RxRelay.framework */,
				06B5ED1722CE19EB00D7EB94 /* RxSwift.framework */,
			);
			name = Products;
			sourceTree = "<group>";
		};
		06BD920722D8E41800CAFAD1 /* ECommerce */ = {
			isa = PBXGroup;
			children = (
				06BD920F22D8E43E00CAFAD1 /* ECommerceProperty.swift */,
				06D82A4322DDA3D800C5D7A2 /* ECommerceProduct.swift */,
				06D82A4722DF049600C5D7A2 /* ECommerceCart.swift */,
				06D82A5022DF04A400C5D7A2 /* ECommerceCheckout.swift */,
				06D82A5222DF04B100C5D7A2 /* ECommerceCoupon.swift */,
				06D82A5422DF04BE00C5D7A2 /* ECommerceEvents.swift */,
				06D82A5622DF04C900C5D7A2 /* ECommerceOrder.swift */,
				06D82A5A22DF04F300C5D7A2 /* ECommerceProductBuilder.swift */,
				06D82A5C22DF050000C5D7A2 /* ECommercePromotion.swift */,
				06D82A5E22DF050C00C5D7A2 /* ECommercePropertyBuilder.swift */,
				06D82A6022DF051D00C5D7A2 /* ECommerceCartBuilder.swift */,
				06D82A6222DF052D00C5D7A2 /* ECommerceWishlist.swift */,
			);
			path = ECommerce;
			sourceTree = "<group>";
		};
		06D115D822D869DA00EE78EE /* Exceptions */ = {
			isa = PBXGroup;
			children = (
				06D115D922D86A1400EE78EE /* InvalidStateError.swift */,
			);
			path = Exceptions;
			sourceTree = "<group>";
		};
		06D82A6A22DF710F00C5D7A2 /* Properties */ = {
			isa = PBXGroup;
			children = (
				06BD920722D8E41800CAFAD1 /* ECommerce */,
				06D115C422D84D1100EE78EE /* RudderProperty.swift */,
				06D82A3822DC78B100C5D7A2 /* RudderPropertyBuilder.swift */,
				06D82A4122DDA25800C5D7A2 /* PropertyObject.swift */,
				06D82A6422DF3F6C00C5D7A2 /* TypeValuePair.swift */,
				06D82A6D22DF797300C5D7A2 /* PagePropertyBuilder.swift */,
				06D82A6F22DF8E5100C5D7A2 /* TrackPropertyBuilder.swift */,
				06D82A7122DF9A2500C5D7A2 /* ScreenPropertyBuilder.swift */,
			);
			path = Properties;
			sourceTree = "<group>";
		};
		06FB3DA822CE278C004CF8A7 /* Event */ = {
			isa = PBXGroup;
			children = (
				06D82A6A22DF710F00C5D7A2 /* Properties */,
				06FB3DB022CE27B6004CF8A7 /* RudderEvent.swift */,
				06FB3DB222CE27CD004CF8A7 /* RudderEventBuilder.swift */,
				06FB3DB422CE27F2004CF8A7 /* RudderEventPayload.swift */,
				06C9910922D5E500001DA0CB /* RudderMessage.swift */,
				06D115BB22D84C2200EE78EE /* RudderContext.swift */,
				06D115C622D84D9400EE78EE /* RudderApp.swift */,
				06D115C822D84DEB00EE78EE /* RudderTraits.swift */,
				06D115CA22D84E1A00EE78EE /* RudderLibraryInfo.swift */,
				06D115CC22D84E4F00EE78EE /* RudderOSInfo.swift */,
				06D115CE22D84E7A00EE78EE /* RudderScreenInfo.swift */,
				06D115D022D84EE300EE78EE /* RudderDeviceInfo.swift */,
				06D115D222D84F1F00EE78EE /* RudderNetwork.swift */,
				06D115D422D864FA00EE78EE /* RudderEventTemplate.swift */,
				0678A23322E71FCB005D4DB5 /* TraitsAddress.swift */,
				0678A23C22E71FE5005D4DB5 /* TraitsCompany.swift */,
				0678A23E22E72519005D4DB5 /* RudderTraitsBuilder.swift */,
			);
			path = Event;
			sourceTree = "<group>";
		};
		1637916AC495E754A9D89E1F /* Pods */ = {
			isa = PBXGroup;
			children = (
				0849023AC8CF7668772D6885 /* Pods-RudderSample.debug.xcconfig */,
				691B32CBF80101A45B1842EC /* Pods-RudderSample.release.xcconfig */,
				0443B441797FEE4562E85ED8 /* Pods-RudderSampleTests.debug.xcconfig */,
				86ED3BA724C45620A2D8056F /* Pods-RudderSampleTests.release.xcconfig */,
				A8E80ED5172DA203F0BD78C4 /* Pods-RudderSampleUITests.debug.xcconfig */,
				2DBFD5D27F72F4D6A44578A0 /* Pods-RudderSampleUITests.release.xcconfig */,
			);
			path = Pods;
			sourceTree = "<group>";
		};
		E37CA1C99B1EB640A27BAAE4 /* Frameworks */ = {
			isa = PBXGroup;
			children = (
				C3C34A549FF5F23355859D21 /* Pods_RudderSample.framework */,
				45670184B47809AC50B7B460 /* Pods_RudderSampleTests.framework */,
				1D1DE699EF2981365D700F23 /* Pods_RudderSampleUITests.framework */,
			);
			name = Frameworks;
			sourceTree = "<group>";
		};
/* End PBXGroup section */

/* Begin PBXNativeTarget section */
		065509A922CDC9440010F58B /* RudderSample */ = {
			isa = PBXNativeTarget;
			buildConfigurationList = 065509D522CDC9450010F58B /* Build configuration list for PBXNativeTarget "RudderSample" */;
			buildPhases = (
				345BDAC5ABCF842B0E2D7ED7 /* [CP] Check Pods Manifest.lock */,
				065509A622CDC9440010F58B /* Sources */,
				065509A722CDC9440010F58B /* Frameworks */,
				065509A822CDC9440010F58B /* Resources */,
				5B0BB903C49089E272012141 /* [CP] Embed Pods Frameworks */,
			);
			buildRules = (
			);
			dependencies = (
			);
			name = RudderSample;
			productName = RudderSample;
			productReference = 065509AA22CDC9440010F58B /* RudderSample.app */;
			productType = "com.apple.product-type.application";
		};
		065509C022CDC9450010F58B /* RudderSampleTests */ = {
			isa = PBXNativeTarget;
			buildConfigurationList = 065509D822CDC9450010F58B /* Build configuration list for PBXNativeTarget "RudderSampleTests" */;
			buildPhases = (
				B8F510470CB292FF47B129D4 /* [CP] Check Pods Manifest.lock */,
				065509BD22CDC9450010F58B /* Sources */,
				065509BE22CDC9450010F58B /* Frameworks */,
				065509BF22CDC9450010F58B /* Resources */,
			);
			buildRules = (
			);
			dependencies = (
				065509C322CDC9450010F58B /* PBXTargetDependency */,
			);
			name = RudderSampleTests;
			productName = RudderSampleTests;
			productReference = 065509C122CDC9450010F58B /* RudderSampleTests.xctest */;
			productType = "com.apple.product-type.bundle.unit-test";
		};
		065509CB22CDC9450010F58B /* RudderSampleUITests */ = {
			isa = PBXNativeTarget;
			buildConfigurationList = 065509DB22CDC9450010F58B /* Build configuration list for PBXNativeTarget "RudderSampleUITests" */;
			buildPhases = (
				6B0BF40921820A329B823FD9 /* [CP] Check Pods Manifest.lock */,
				065509C822CDC9450010F58B /* Sources */,
				065509C922CDC9450010F58B /* Frameworks */,
				065509CA22CDC9450010F58B /* Resources */,
			);
			buildRules = (
			);
			dependencies = (
				065509CE22CDC9450010F58B /* PBXTargetDependency */,
			);
			name = RudderSampleUITests;
			productName = RudderSampleUITests;
			productReference = 065509CC22CDC9450010F58B /* RudderSampleUITests.xctest */;
			productType = "com.apple.product-type.bundle.ui-testing";
		};
/* End PBXNativeTarget section */

/* Begin PBXProject section */
		065509A222CDC9440010F58B /* Project object */ = {
			isa = PBXProject;
			attributes = {
				LastSwiftUpdateCheck = 1020;
				LastUpgradeCheck = 1020;
				ORGANIZATIONNAME = "Arnab Pal";
				TargetAttributes = {
					065509A922CDC9440010F58B = {
						CreatedOnToolsVersion = 10.2.1;
					};
					065509C022CDC9450010F58B = {
						CreatedOnToolsVersion = 10.2.1;
						TestTargetID = 065509A922CDC9440010F58B;
					};
					065509CB22CDC9450010F58B = {
						CreatedOnToolsVersion = 10.2.1;
						TestTargetID = 065509A922CDC9440010F58B;
					};
				};
			};
			buildConfigurationList = 065509A522CDC9440010F58B /* Build configuration list for PBXProject "RudderSample" */;
			compatibilityVersion = "Xcode 9.3";
			developmentRegion = en;
			hasScannedForEncodings = 0;
			knownRegions = (
				en,
				Base,
			);
			mainGroup = 065509A122CDC9440010F58B;
			productRefGroup = 065509AB22CDC9440010F58B /* Products */;
			projectDirPath = "";
			projectReferences = (
				{
					ProductGroup = 06B5ED0122CE19EB00D7EB94 /* Products */;
					ProjectRef = 06B5ED0022CE19EB00D7EB94 /* Pods.xcodeproj */;
				},
			);
			projectRoot = "";
			targets = (
				065509A922CDC9440010F58B /* RudderSample */,
				065509C022CDC9450010F58B /* RudderSampleTests */,
				065509CB22CDC9450010F58B /* RudderSampleUITests */,
			);
		};
/* End PBXProject section */

/* Begin PBXReferenceProxy section */
		06B5ED0D22CE19EB00D7EB94 /* Pods_RudderSample.framework */ = {
			isa = PBXReferenceProxy;
			fileType = wrapper.framework;
			path = Pods_RudderSample.framework;
			remoteRef = 06B5ED0C22CE19EB00D7EB94 /* PBXContainerItemProxy */;
			sourceTree = BUILT_PRODUCTS_DIR;
		};
		06B5ED0F22CE19EB00D7EB94 /* Pods_RudderSampleTests.framework */ = {
			isa = PBXReferenceProxy;
			fileType = wrapper.framework;
			path = Pods_RudderSampleTests.framework;
			remoteRef = 06B5ED0E22CE19EB00D7EB94 /* PBXContainerItemProxy */;
			sourceTree = BUILT_PRODUCTS_DIR;
		};
		06B5ED1122CE19EB00D7EB94 /* Pods_RudderSampleUITests.framework */ = {
			isa = PBXReferenceProxy;
			fileType = wrapper.framework;
			path = Pods_RudderSampleUITests.framework;
			remoteRef = 06B5ED1022CE19EB00D7EB94 /* PBXContainerItemProxy */;
			sourceTree = BUILT_PRODUCTS_DIR;
		};
		06B5ED1322CE19EB00D7EB94 /* RxCocoa.framework */ = {
			isa = PBXReferenceProxy;
			fileType = wrapper.framework;
			path = RxCocoa.framework;
			remoteRef = 06B5ED1222CE19EB00D7EB94 /* PBXContainerItemProxy */;
			sourceTree = BUILT_PRODUCTS_DIR;
		};
		06B5ED1522CE19EB00D7EB94 /* RxRelay.framework */ = {
			isa = PBXReferenceProxy;
			fileType = wrapper.framework;
			path = RxRelay.framework;
			remoteRef = 06B5ED1422CE19EB00D7EB94 /* PBXContainerItemProxy */;
			sourceTree = BUILT_PRODUCTS_DIR;
		};
		06B5ED1722CE19EB00D7EB94 /* RxSwift.framework */ = {
			isa = PBXReferenceProxy;
			fileType = wrapper.framework;
			path = RxSwift.framework;
			remoteRef = 06B5ED1622CE19EB00D7EB94 /* PBXContainerItemProxy */;
			sourceTree = BUILT_PRODUCTS_DIR;
		};
		06D6E80622CE253300076339 /* Alamofire.framework */ = {
			isa = PBXReferenceProxy;
			fileType = wrapper.framework;
			path = Alamofire.framework;
			remoteRef = 06D6E80522CE253300076339 /* PBXContainerItemProxy */;
			sourceTree = BUILT_PRODUCTS_DIR;
		};
/* End PBXReferenceProxy section */

/* Begin PBXResourcesBuildPhase section */
		065509A822CDC9440010F58B /* Resources */ = {
			isa = PBXResourcesBuildPhase;
			buildActionMask = 2147483647;
			files = (
				065509BB22CDC9450010F58B /* LaunchScreen.storyboard in Resources */,
				065509B822CDC9450010F58B /* Assets.xcassets in Resources */,
				065509B322CDC9440010F58B /* Main.storyboard in Resources */,
			);
			runOnlyForDeploymentPostprocessing = 0;
		};
		065509BF22CDC9450010F58B /* Resources */ = {
			isa = PBXResourcesBuildPhase;
			buildActionMask = 2147483647;
			files = (
			);
			runOnlyForDeploymentPostprocessing = 0;
		};
		065509CA22CDC9450010F58B /* Resources */ = {
			isa = PBXResourcesBuildPhase;
			buildActionMask = 2147483647;
			files = (
			);
			runOnlyForDeploymentPostprocessing = 0;
		};
/* End PBXResourcesBuildPhase section */

/* Begin PBXShellScriptBuildPhase section */
		345BDAC5ABCF842B0E2D7ED7 /* [CP] Check Pods Manifest.lock */ = {
			isa = PBXShellScriptBuildPhase;
			buildActionMask = 2147483647;
			files = (
			);
			inputFileListPaths = (
			);
			inputPaths = (
				"${PODS_PODFILE_DIR_PATH}/Podfile.lock",
				"${PODS_ROOT}/Manifest.lock",
			);
			name = "[CP] Check Pods Manifest.lock";
			outputFileListPaths = (
			);
			outputPaths = (
				"$(DERIVED_FILE_DIR)/Pods-RudderSample-checkManifestLockResult.txt",
			);
			runOnlyForDeploymentPostprocessing = 0;
			shellPath = /bin/sh;
			shellScript = "diff \"${PODS_PODFILE_DIR_PATH}/Podfile.lock\" \"${PODS_ROOT}/Manifest.lock\" > /dev/null\nif [ $? != 0 ] ; then\n    # print error to STDERR\n    echo \"error: The sandbox is not in sync with the Podfile.lock. Run 'pod install' or update your CocoaPods installation.\" >&2\n    exit 1\nfi\n# This output is used by Xcode 'outputs' to avoid re-running this script phase.\necho \"SUCCESS\" > \"${SCRIPT_OUTPUT_FILE_0}\"\n";
			showEnvVarsInLog = 0;
		};
		5B0BB903C49089E272012141 /* [CP] Embed Pods Frameworks */ = {
			isa = PBXShellScriptBuildPhase;
			buildActionMask = 2147483647;
			files = (
			);
			inputFileListPaths = (
				"${PODS_ROOT}/Target Support Files/Pods-RudderSample/Pods-RudderSample-frameworks-${CONFIGURATION}-input-files.xcfilelist",
			);
			name = "[CP] Embed Pods Frameworks";
			outputFileListPaths = (
				"${PODS_ROOT}/Target Support Files/Pods-RudderSample/Pods-RudderSample-frameworks-${CONFIGURATION}-output-files.xcfilelist",
			);
			runOnlyForDeploymentPostprocessing = 0;
			shellPath = /bin/sh;
			shellScript = "\"${PODS_ROOT}/Target Support Files/Pods-RudderSample/Pods-RudderSample-frameworks.sh\"\n";
			showEnvVarsInLog = 0;
		};
		6B0BF40921820A329B823FD9 /* [CP] Check Pods Manifest.lock */ = {
			isa = PBXShellScriptBuildPhase;
			buildActionMask = 2147483647;
			files = (
			);
			inputFileListPaths = (
			);
			inputPaths = (
				"${PODS_PODFILE_DIR_PATH}/Podfile.lock",
				"${PODS_ROOT}/Manifest.lock",
			);
			name = "[CP] Check Pods Manifest.lock";
			outputFileListPaths = (
			);
			outputPaths = (
				"$(DERIVED_FILE_DIR)/Pods-RudderSampleUITests-checkManifestLockResult.txt",
			);
			runOnlyForDeploymentPostprocessing = 0;
			shellPath = /bin/sh;
			shellScript = "diff \"${PODS_PODFILE_DIR_PATH}/Podfile.lock\" \"${PODS_ROOT}/Manifest.lock\" > /dev/null\nif [ $? != 0 ] ; then\n    # print error to STDERR\n    echo \"error: The sandbox is not in sync with the Podfile.lock. Run 'pod install' or update your CocoaPods installation.\" >&2\n    exit 1\nfi\n# This output is used by Xcode 'outputs' to avoid re-running this script phase.\necho \"SUCCESS\" > \"${SCRIPT_OUTPUT_FILE_0}\"\n";
			showEnvVarsInLog = 0;
		};
		B8F510470CB292FF47B129D4 /* [CP] Check Pods Manifest.lock */ = {
			isa = PBXShellScriptBuildPhase;
			buildActionMask = 2147483647;
			files = (
			);
			inputFileListPaths = (
			);
			inputPaths = (
				"${PODS_PODFILE_DIR_PATH}/Podfile.lock",
				"${PODS_ROOT}/Manifest.lock",
			);
			name = "[CP] Check Pods Manifest.lock";
			outputFileListPaths = (
			);
			outputPaths = (
				"$(DERIVED_FILE_DIR)/Pods-RudderSampleTests-checkManifestLockResult.txt",
			);
			runOnlyForDeploymentPostprocessing = 0;
			shellPath = /bin/sh;
			shellScript = "diff \"${PODS_PODFILE_DIR_PATH}/Podfile.lock\" \"${PODS_ROOT}/Manifest.lock\" > /dev/null\nif [ $? != 0 ] ; then\n    # print error to STDERR\n    echo \"error: The sandbox is not in sync with the Podfile.lock. Run 'pod install' or update your CocoaPods installation.\" >&2\n    exit 1\nfi\n# This output is used by Xcode 'outputs' to avoid re-running this script phase.\necho \"SUCCESS\" > \"${SCRIPT_OUTPUT_FILE_0}\"\n";
			showEnvVarsInLog = 0;
		};
/* End PBXShellScriptBuildPhase section */

/* Begin PBXSourcesBuildPhase section */
		065509A622CDC9440010F58B /* Sources */ = {
			isa = PBXSourcesBuildPhase;
			buildActionMask = 2147483647;
			files = (
				06FB3DB522CE27F2004CF8A7 /* RudderEventPayload.swift in Sources */,
				06D82A4422DDA3D800C5D7A2 /* ECommerceProduct.swift in Sources */,
				06D115CD22D84E4F00EE78EE /* RudderOSInfo.swift in Sources */,
				06C9910A22D5E500001DA0CB /* RudderMessage.swift in Sources */,
				06FB3DB122CE27B6004CF8A7 /* RudderEvent.swift in Sources */,
				06D82A5122DF04A400C5D7A2 /* ECommerceCheckout.swift in Sources */,
				065509B022CDC9440010F58B /* ViewController.swift in Sources */,
				06D115D322D84F1F00EE78EE /* RudderNetwork.swift in Sources */,
				06D115CB22D84E1A00EE78EE /* RudderLibraryInfo.swift in Sources */,
				06FB3DB322CE27CD004CF8A7 /* RudderEventBuilder.swift in Sources */,
				0678A23F22E72519005D4DB5 /* RudderTraitsBuilder.swift in Sources */,
				06D82A6122DF051D00C5D7A2 /* ECommerceCartBuilder.swift in Sources */,
				06D82A5D22DF050000C5D7A2 /* ECommercePromotion.swift in Sources */,
				06D82A7022DF8E5100C5D7A2 /* TrackPropertyBuilder.swift in Sources */,
				065509B622CDC9440010F58B /* RudderSample.xcdatamodeld in Sources */,
				06D82A5B22DF04F300C5D7A2 /* ECommerceProductBuilder.swift in Sources */,
				06D82A7222DF9A2500C5D7A2 /* ScreenPropertyBuilder.swift in Sources */,
				06D82A5722DF04C900C5D7A2 /* ECommerceOrder.swift in Sources */,
				06BD921022D8E43E00CAFAD1 /* ECommerceProperty.swift in Sources */,
				06D82A5322DF04B100C5D7A2 /* ECommerceCoupon.swift in Sources */,
				0678A23D22E71FE5005D4DB5 /* TraitsCompany.swift in Sources */,
				0678A23422E71FCB005D4DB5 /* TraitsAddress.swift in Sources */,
				06D115BC22D84C2200EE78EE /* RudderContext.swift in Sources */,
				06D82A4222DDA25800C5D7A2 /* PropertyObject.swift in Sources */,
				065108A922CDF1F600C8B219 /* RudderClient.swift in Sources */,
				06D115C922D84DEB00EE78EE /* RudderTraits.swift in Sources */,
				06D115D522D864FA00EE78EE /* RudderEventTemplate.swift in Sources */,
				06D82A6E22DF797300C5D7A2 /* PagePropertyBuilder.swift in Sources */,
				06D82A4822DF049600C5D7A2 /* ECommerceCart.swift in Sources */,
				06D82A6322DF052D00C5D7A2 /* ECommerceWishlist.swift in Sources */,
				06D115CF22D84E7A00EE78EE /* RudderScreenInfo.swift in Sources */,
				065108AE22CDFEC200C8B219 /* EventRepository.swift in Sources */,
				06D115D122D84EE300EE78EE /* RudderDeviceInfo.swift in Sources */,
				06D115DA22D86A1400EE78EE /* InvalidStateError.swift in Sources */,
				06D115C722D84D9400EE78EE /* RudderApp.swift in Sources */,
				06D82A6522DF3F6C00C5D7A2 /* TypeValuePair.swift in Sources */,
				065509AE22CDC9440010F58B /* AppDelegate.swift in Sources */,
				06D115C522D84D1100EE78EE /* RudderProperty.swift in Sources */,
				065108B622CE021B00C8B219 /* Constants.swift in Sources */,
				06D82A3922DC78B100C5D7A2 /* RudderPropertyBuilder.swift in Sources */,
				06D82A5F22DF050C00C5D7A2 /* ECommercePropertyBuilder.swift in Sources */,
				06D82A5522DF04BE00C5D7A2 /* ECommerceEvents.swift in Sources */,
			);
			runOnlyForDeploymentPostprocessing = 0;
		};
		065509BD22CDC9450010F58B /* Sources */ = {
			isa = PBXSourcesBuildPhase;
			buildActionMask = 2147483647;
			files = (
				06D82A6922DF700400C5D7A2 /* BaseTests.swift in Sources */,
				0629FBCC22E03F46000FEC6C /* ECommerceTests.swift in Sources */,
				065509C622CDC9450010F58B /* RudderSampleTests.swift in Sources */,
			);
			runOnlyForDeploymentPostprocessing = 0;
		};
		065509C822CDC9450010F58B /* Sources */ = {
			isa = PBXSourcesBuildPhase;
			buildActionMask = 2147483647;
			files = (
				065509D122CDC9450010F58B /* RudderSampleUITests.swift in Sources */,
			);
			runOnlyForDeploymentPostprocessing = 0;
		};
/* End PBXSourcesBuildPhase section */

/* Begin PBXTargetDependency section */
		065509C322CDC9450010F58B /* PBXTargetDependency */ = {
			isa = PBXTargetDependency;
			target = 065509A922CDC9440010F58B /* RudderSample */;
			targetProxy = 065509C222CDC9450010F58B /* PBXContainerItemProxy */;
		};
		065509CE22CDC9450010F58B /* PBXTargetDependency */ = {
			isa = PBXTargetDependency;
			target = 065509A922CDC9440010F58B /* RudderSample */;
			targetProxy = 065509CD22CDC9450010F58B /* PBXContainerItemProxy */;
		};
/* End PBXTargetDependency section */

/* Begin PBXVariantGroup section */
		065509B122CDC9440010F58B /* Main.storyboard */ = {
			isa = PBXVariantGroup;
			children = (
				065509B222CDC9440010F58B /* Base */,
			);
			name = Main.storyboard;
			sourceTree = "<group>";
		};
		065509B922CDC9450010F58B /* LaunchScreen.storyboard */ = {
			isa = PBXVariantGroup;
			children = (
				065509BA22CDC9450010F58B /* Base */,
			);
			name = LaunchScreen.storyboard;
			sourceTree = "<group>";
		};
/* End PBXVariantGroup section */

/* Begin XCBuildConfiguration section */
		065509D322CDC9450010F58B /* Debug */ = {
			isa = XCBuildConfiguration;
			buildSettings = {
				ALWAYS_SEARCH_USER_PATHS = NO;
				CLANG_ANALYZER_NONNULL = YES;
				CLANG_ANALYZER_NUMBER_OBJECT_CONVERSION = YES_AGGRESSIVE;
				CLANG_CXX_LANGUAGE_STANDARD = "gnu++14";
				CLANG_CXX_LIBRARY = "libc++";
				CLANG_ENABLE_MODULES = YES;
				CLANG_ENABLE_OBJC_ARC = YES;
				CLANG_ENABLE_OBJC_WEAK = YES;
				CLANG_WARN_BLOCK_CAPTURE_AUTORELEASING = YES;
				CLANG_WARN_BOOL_CONVERSION = YES;
				CLANG_WARN_COMMA = YES;
				CLANG_WARN_CONSTANT_CONVERSION = YES;
				CLANG_WARN_DEPRECATED_OBJC_IMPLEMENTATIONS = YES;
				CLANG_WARN_DIRECT_OBJC_ISA_USAGE = YES_ERROR;
				CLANG_WARN_DOCUMENTATION_COMMENTS = YES;
				CLANG_WARN_EMPTY_BODY = YES;
				CLANG_WARN_ENUM_CONVERSION = YES;
				CLANG_WARN_INFINITE_RECURSION = YES;
				CLANG_WARN_INT_CONVERSION = YES;
				CLANG_WARN_NON_LITERAL_NULL_CONVERSION = YES;
				CLANG_WARN_OBJC_IMPLICIT_RETAIN_SELF = YES;
				CLANG_WARN_OBJC_LITERAL_CONVERSION = YES;
				CLANG_WARN_OBJC_ROOT_CLASS = YES_ERROR;
				CLANG_WARN_RANGE_LOOP_ANALYSIS = YES;
				CLANG_WARN_STRICT_PROTOTYPES = YES;
				CLANG_WARN_SUSPICIOUS_MOVE = YES;
				CLANG_WARN_UNGUARDED_AVAILABILITY = YES_AGGRESSIVE;
				CLANG_WARN_UNREACHABLE_CODE = YES;
				CLANG_WARN__DUPLICATE_METHOD_MATCH = YES;
				CODE_SIGN_IDENTITY = "iPhone Developer";
				COPY_PHASE_STRIP = NO;
				DEBUG_INFORMATION_FORMAT = dwarf;
				ENABLE_STRICT_OBJC_MSGSEND = YES;
				ENABLE_TESTABILITY = YES;
				GCC_C_LANGUAGE_STANDARD = gnu11;
				GCC_DYNAMIC_NO_PIC = NO;
				GCC_NO_COMMON_BLOCKS = YES;
				GCC_OPTIMIZATION_LEVEL = 0;
				GCC_PREPROCESSOR_DEFINITIONS = (
					"DEBUG=1",
					"$(inherited)",
				);
				GCC_WARN_64_TO_32_BIT_CONVERSION = YES;
				GCC_WARN_ABOUT_RETURN_TYPE = YES_ERROR;
				GCC_WARN_UNDECLARED_SELECTOR = YES;
				GCC_WARN_UNINITIALIZED_AUTOS = YES_AGGRESSIVE;
				GCC_WARN_UNUSED_FUNCTION = YES;
				GCC_WARN_UNUSED_VARIABLE = YES;
				IPHONEOS_DEPLOYMENT_TARGET = 12.2;
				MTL_ENABLE_DEBUG_INFO = INCLUDE_SOURCE;
				MTL_FAST_MATH = YES;
				ONLY_ACTIVE_ARCH = YES;
				SDKROOT = iphoneos;
				SWIFT_ACTIVE_COMPILATION_CONDITIONS = DEBUG;
				SWIFT_OPTIMIZATION_LEVEL = "-Onone";
			};
			name = Debug;
		};
		065509D422CDC9450010F58B /* Release */ = {
			isa = XCBuildConfiguration;
			buildSettings = {
				ALWAYS_SEARCH_USER_PATHS = NO;
				CLANG_ANALYZER_NONNULL = YES;
				CLANG_ANALYZER_NUMBER_OBJECT_CONVERSION = YES_AGGRESSIVE;
				CLANG_CXX_LANGUAGE_STANDARD = "gnu++14";
				CLANG_CXX_LIBRARY = "libc++";
				CLANG_ENABLE_MODULES = YES;
				CLANG_ENABLE_OBJC_ARC = YES;
				CLANG_ENABLE_OBJC_WEAK = YES;
				CLANG_WARN_BLOCK_CAPTURE_AUTORELEASING = YES;
				CLANG_WARN_BOOL_CONVERSION = YES;
				CLANG_WARN_COMMA = YES;
				CLANG_WARN_CONSTANT_CONVERSION = YES;
				CLANG_WARN_DEPRECATED_OBJC_IMPLEMENTATIONS = YES;
				CLANG_WARN_DIRECT_OBJC_ISA_USAGE = YES_ERROR;
				CLANG_WARN_DOCUMENTATION_COMMENTS = YES;
				CLANG_WARN_EMPTY_BODY = YES;
				CLANG_WARN_ENUM_CONVERSION = YES;
				CLANG_WARN_INFINITE_RECURSION = YES;
				CLANG_WARN_INT_CONVERSION = YES;
				CLANG_WARN_NON_LITERAL_NULL_CONVERSION = YES;
				CLANG_WARN_OBJC_IMPLICIT_RETAIN_SELF = YES;
				CLANG_WARN_OBJC_LITERAL_CONVERSION = YES;
				CLANG_WARN_OBJC_ROOT_CLASS = YES_ERROR;
				CLANG_WARN_RANGE_LOOP_ANALYSIS = YES;
				CLANG_WARN_STRICT_PROTOTYPES = YES;
				CLANG_WARN_SUSPICIOUS_MOVE = YES;
				CLANG_WARN_UNGUARDED_AVAILABILITY = YES_AGGRESSIVE;
				CLANG_WARN_UNREACHABLE_CODE = YES;
				CLANG_WARN__DUPLICATE_METHOD_MATCH = YES;
				CODE_SIGN_IDENTITY = "iPhone Developer";
				COPY_PHASE_STRIP = NO;
				DEBUG_INFORMATION_FORMAT = "dwarf-with-dsym";
				ENABLE_NS_ASSERTIONS = NO;
				ENABLE_STRICT_OBJC_MSGSEND = YES;
				GCC_C_LANGUAGE_STANDARD = gnu11;
				GCC_NO_COMMON_BLOCKS = YES;
				GCC_WARN_64_TO_32_BIT_CONVERSION = YES;
				GCC_WARN_ABOUT_RETURN_TYPE = YES_ERROR;
				GCC_WARN_UNDECLARED_SELECTOR = YES;
				GCC_WARN_UNINITIALIZED_AUTOS = YES_AGGRESSIVE;
				GCC_WARN_UNUSED_FUNCTION = YES;
				GCC_WARN_UNUSED_VARIABLE = YES;
				IPHONEOS_DEPLOYMENT_TARGET = 12.2;
				MTL_ENABLE_DEBUG_INFO = NO;
				MTL_FAST_MATH = YES;
				SDKROOT = iphoneos;
				SWIFT_COMPILATION_MODE = wholemodule;
				SWIFT_OPTIMIZATION_LEVEL = "-O";
				VALIDATE_PRODUCT = YES;
			};
			name = Release;
		};
		065509D622CDC9450010F58B /* Debug */ = {
			isa = XCBuildConfiguration;
			baseConfigurationReference = 0849023AC8CF7668772D6885 /* Pods-RudderSample.debug.xcconfig */;
			buildSettings = {
				ASSETCATALOG_COMPILER_APPICON_NAME = AppIcon;
				CODE_SIGN_STYLE = Manual;
				DEVELOPMENT_TEAM = GTGKNDBD23;
				INFOPLIST_FILE = RudderSample/Info.plist;
				LD_RUNPATH_SEARCH_PATHS = (
					"$(inherited)",
					"@executable_path/Frameworks",
				);
				PRODUCT_BUNDLE_IDENTIFIER = com.rudderlabs.ios.testapp;
				PRODUCT_NAME = "$(TARGET_NAME)";
				PROVISIONING_PROFILE_SPECIFIER = "Arnab Dev PP";
				SWIFT_VERSION = 5.0;
				TARGETED_DEVICE_FAMILY = "1,2";
			};
			name = Debug;
		};
		065509D722CDC9450010F58B /* Release */ = {
			isa = XCBuildConfiguration;
			baseConfigurationReference = 691B32CBF80101A45B1842EC /* Pods-RudderSample.release.xcconfig */;
			buildSettings = {
				ASSETCATALOG_COMPILER_APPICON_NAME = AppIcon;
				CODE_SIGN_STYLE = Manual;
				DEVELOPMENT_TEAM = GTGKNDBD23;
				INFOPLIST_FILE = RudderSample/Info.plist;
				LD_RUNPATH_SEARCH_PATHS = (
					"$(inherited)",
					"@executable_path/Frameworks",
				);
				PRODUCT_BUNDLE_IDENTIFIER = com.rudderlabs.ios.testapp;
				PRODUCT_NAME = "$(TARGET_NAME)";
				PROVISIONING_PROFILE_SPECIFIER = "Arnab Dev PP";
				SWIFT_VERSION = 5.0;
				TARGETED_DEVICE_FAMILY = "1,2";
			};
			name = Release;
		};
		065509D922CDC9450010F58B /* Debug */ = {
			isa = XCBuildConfiguration;
			baseConfigurationReference = 0443B441797FEE4562E85ED8 /* Pods-RudderSampleTests.debug.xcconfig */;
			buildSettings = {
				ALWAYS_EMBED_SWIFT_STANDARD_LIBRARIES = YES;
				BUNDLE_LOADER = "$(TEST_HOST)";
				CODE_SIGN_STYLE = Automatic;
				DEVELOPMENT_TEAM = GTGKNDBD23;
				INFOPLIST_FILE = RudderSampleTests/Info.plist;
				LD_RUNPATH_SEARCH_PATHS = (
					"$(inherited)",
					"@executable_path/Frameworks",
					"@loader_path/Frameworks",
				);
				PRODUCT_BUNDLE_IDENTIFIER = com.example.RudderSampleTests;
				PRODUCT_NAME = "$(TARGET_NAME)";
				SWIFT_VERSION = 5.0;
				TARGETED_DEVICE_FAMILY = "1,2";
				TEST_HOST = "$(BUILT_PRODUCTS_DIR)/RudderSample.app/RudderSample";
			};
			name = Debug;
		};
		065509DA22CDC9450010F58B /* Release */ = {
			isa = XCBuildConfiguration;
			baseConfigurationReference = 86ED3BA724C45620A2D8056F /* Pods-RudderSampleTests.release.xcconfig */;
			buildSettings = {
				ALWAYS_EMBED_SWIFT_STANDARD_LIBRARIES = YES;
				BUNDLE_LOADER = "$(TEST_HOST)";
				CODE_SIGN_STYLE = Automatic;
				DEVELOPMENT_TEAM = GTGKNDBD23;
				INFOPLIST_FILE = RudderSampleTests/Info.plist;
				LD_RUNPATH_SEARCH_PATHS = (
					"$(inherited)",
					"@executable_path/Frameworks",
					"@loader_path/Frameworks",
				);
				PRODUCT_BUNDLE_IDENTIFIER = com.example.RudderSampleTests;
				PRODUCT_NAME = "$(TARGET_NAME)";
				SWIFT_VERSION = 5.0;
				TARGETED_DEVICE_FAMILY = "1,2";
				TEST_HOST = "$(BUILT_PRODUCTS_DIR)/RudderSample.app/RudderSample";
			};
			name = Release;
		};
		065509DC22CDC9450010F58B /* Debug */ = {
			isa = XCBuildConfiguration;
			baseConfigurationReference = A8E80ED5172DA203F0BD78C4 /* Pods-RudderSampleUITests.debug.xcconfig */;
			buildSettings = {
				ALWAYS_EMBED_SWIFT_STANDARD_LIBRARIES = YES;
				CODE_SIGN_STYLE = Automatic;
				DEVELOPMENT_TEAM = GTGKNDBD23;
				INFOPLIST_FILE = RudderSampleUITests/Info.plist;
				LD_RUNPATH_SEARCH_PATHS = (
					"$(inherited)",
					"@executable_path/Frameworks",
					"@loader_path/Frameworks",
				);
				PRODUCT_BUNDLE_IDENTIFIER = com.example.RudderSampleUITests;
				PRODUCT_NAME = "$(TARGET_NAME)";
				SWIFT_VERSION = 5.0;
				TARGETED_DEVICE_FAMILY = "1,2";
				TEST_TARGET_NAME = RudderSample;
			};
			name = Debug;
		};
		065509DD22CDC9450010F58B /* Release */ = {
			isa = XCBuildConfiguration;
			baseConfigurationReference = 2DBFD5D27F72F4D6A44578A0 /* Pods-RudderSampleUITests.release.xcconfig */;
			buildSettings = {
				ALWAYS_EMBED_SWIFT_STANDARD_LIBRARIES = YES;
				CODE_SIGN_STYLE = Automatic;
				DEVELOPMENT_TEAM = GTGKNDBD23;
				INFOPLIST_FILE = RudderSampleUITests/Info.plist;
				LD_RUNPATH_SEARCH_PATHS = (
					"$(inherited)",
					"@executable_path/Frameworks",
					"@loader_path/Frameworks",
				);
				PRODUCT_BUNDLE_IDENTIFIER = com.example.RudderSampleUITests;
				PRODUCT_NAME = "$(TARGET_NAME)";
				SWIFT_VERSION = 5.0;
				TARGETED_DEVICE_FAMILY = "1,2";
				TEST_TARGET_NAME = RudderSample;
			};
			name = Release;
		};
/* End XCBuildConfiguration section */

/* Begin XCConfigurationList section */
		065509A522CDC9440010F58B /* Build configuration list for PBXProject "RudderSample" */ = {
			isa = XCConfigurationList;
			buildConfigurations = (
				065509D322CDC9450010F58B /* Debug */,
				065509D422CDC9450010F58B /* Release */,
			);
			defaultConfigurationIsVisible = 0;
			defaultConfigurationName = Release;
		};
		065509D522CDC9450010F58B /* Build configuration list for PBXNativeTarget "RudderSample" */ = {
			isa = XCConfigurationList;
			buildConfigurations = (
				065509D622CDC9450010F58B /* Debug */,
				065509D722CDC9450010F58B /* Release */,
			);
			defaultConfigurationIsVisible = 0;
			defaultConfigurationName = Release;
		};
		065509D822CDC9450010F58B /* Build configuration list for PBXNativeTarget "RudderSampleTests" */ = {
			isa = XCConfigurationList;
			buildConfigurations = (
				065509D922CDC9450010F58B /* Debug */,
				065509DA22CDC9450010F58B /* Release */,
			);
			defaultConfigurationIsVisible = 0;
			defaultConfigurationName = Release;
		};
		065509DB22CDC9450010F58B /* Build configuration list for PBXNativeTarget "RudderSampleUITests" */ = {
			isa = XCConfigurationList;
			buildConfigurations = (
				065509DC22CDC9450010F58B /* Debug */,
				065509DD22CDC9450010F58B /* Release */,
			);
			defaultConfigurationIsVisible = 0;
			defaultConfigurationName = Release;
		};
/* End XCConfigurationList section */

/* Begin XCVersionGroup section */
		065509B422CDC9440010F58B /* RudderSample.xcdatamodeld */ = {
			isa = XCVersionGroup;
			children = (
				065509B522CDC9440010F58B /* RudderSample.xcdatamodel */,
			);
			currentVersion = 065509B522CDC9440010F58B /* RudderSample.xcdatamodel */;
			path = RudderSample.xcdatamodeld;
			sourceTree = "<group>";
			versionGroupType = wrapper.xcdatamodel;
		};
/* End XCVersionGroup section */
	};
	rootObject = 065509A222CDC9440010F58B /* Project object */;
}
