
Microsoft Visual Studio Solution File, Format Version 12.00
# Visual Studio 15
Project("{FAE04EC0-301F-11D3-BF4B-00C04F79EFBC}") = "rudder-unity-sdk", "rudder-unity-sdk.csproj", "{9E59FF58-0514-4002-AC83-A1F66FBCD452}"
EndProject
Global
	GlobalSection(SolutionConfigurationPlatforms) = preSolution
		Debug|Any CPU = Debug|Any CPU
		Release|Any CPU = Release|Any CPU
	EndGlobalSection
	GlobalSection(ProjectConfigurationPlatforms) = postSolution
		{9E59FF58-0514-4002-AC83-A1F66FBCD452}.Debug|Any CPU.ActiveCfg = Debug|Any CPU
		{9E59FF58-0514-4002-AC83-A1F66FBCD452}.Debug|Any CPU.Build.0 = Debug|Any CPU
		{9E59FF58-0514-4002-AC83-A1F66FBCD452}.Release|Any CPU.ActiveCfg = Release|Any CPU
		{9E59FF58-0514-4002-AC83-A1F66FBCD452}.Release|Any CPU.Build.0 = Release|Any CPU
	EndGlobalSection
EndGlobal
